{
  "name": "pixijs",
  "version": "1.0.0",
  "lockfileVersion": 1,
  "requires": true,
  "dependencies": {
    "@types/pixi.js": {
      "version": "4.8.9",
      "resolved": "https://registry.npmjs.org/@types/pixi.js/-/pixi.js-4.8.9.tgz",
      "integrity": "sha512-PCqd9/TaGOAqg73u8cQKH2sg8pdkRzU6VKu8lWrV+/+p5QiDRtrT8chY5yveVM8A/hWLNtvIQlWpojDomTSNQQ=="
    }
  }
}
